
Microsoft Visual Studio Solution File, Format Version 12.00
# Visual Studio Version 17
Project("{2150E333-8FDC-42A3-9474-1A3956D46DE8}") = "CMakePredefinedTargets", "CMakePredefinedTargets", "{3ED5E6E0-4139-3DE9-9E18-CD9937A7EF66}"
EndProject
Project("{2150E333-8FDC-42A3-9474-1A3956D46DE8}") = "GLFW3", "GLFW3", "{F25D1078-115B-354F-BD38-BE3ABCC3623C}"
EndProject
Project("{8BC9CEB8-8B4A-11D0-8D11-00A0C91BC942}") = "ALL_BUILD", "ALL_BUILD.vcxproj", "{F2F3FD93-37EE-3C2B-B835-54C9D8250568}"
	ProjectSection(ProjectDependencies) = postProject
		{899D6981-9324-362D-8682-DBD50C399279} = {899D6981-9324-362D-8682-DBD50C399279}
		{301DEAE3-0701-389D-A605-755A8CC1BA6F} = {301DEAE3-0701-389D-A605-755A8CC1BA6F}
	EndProjectSection
EndProject
Project("{8BC9CEB8-8B4A-11D0-8D11-00A0C91BC942}") = "INSTALL", "INSTALL.vcxproj", "{5EBC0FD8-BBF5-3ACA-9250-3B8FD4986620}"
	ProjectSection(ProjectDependencies) = postProject
		{F2F3FD93-37EE-3C2B-B835-54C9D8250568} = {F2F3FD93-37EE-3C2B-B835-54C9D8250568}
		{899D6981-9324-362D-8682-DBD50C399279} = {899D6981-9324-362D-8682-DBD50C399279}
	EndProjectSection
EndProject
Project("{8BC9CEB8-8B4A-11D0-8D11-00A0C91BC942}") = "PACKAGE", "PACKAGE.vcxproj", "{9F2C6583-5C8D-309B-A763-BAD44423F199}"
	ProjectSection(ProjectDependencies) = postProject
		{F2F3FD93-37EE-3C2B-B835-54C9D8250568} = {F2F3FD93-37EE-3C2B-B835-54C9D8250568}
		{899D6981-9324-362D-8682-DBD50C399279} = {899D6981-9324-362D-8682-DBD50C399279}
	EndProjectSection
EndProject
Project("{8BC9CEB8-8B4A-11D0-8D11-00A0C91BC942}") = "ZERO_CHECK", "..\..\\ZERO_CHECK.vcxproj", "{899D6981-9324-362D-8682-DBD50C399279}"
	ProjectSection(ProjectDependencies) = postProject
	EndProjectSection
EndProject
Project("{8BC9CEB8-8B4A-11D0-8D11-00A0C91BC942}") = "glfw", "src\glfw.vcxproj", "{301DEAE3-0701-389D-A605-755A8CC1BA6F}"
	ProjectSection(ProjectDependencies) = postProject
		{899D6981-9324-362D-8682-DBD50C399279} = {899D6981-9324-362D-8682-DBD50C399279}
	EndProjectSection
EndProject
Project("{8BC9CEB8-8B4A-11D0-8D11-00A0C91BC942}") = "update_mappings", "src\update_mappings.vcxproj", "{BF3C8FE1-9C33-312D-80A8-87B16B6F251D}"
	ProjectSection(ProjectDependencies) = postProject
		{899D6981-9324-362D-8682-DBD50C399279} = {899D6981-9324-362D-8682-DBD50C399279}
	EndProjectSection
EndProject
Global
	GlobalSection(SolutionConfigurationPlatforms) = preSolution
		Debug|x64 = Debug|x64
		Release|x64 = Release|x64
		MinSizeRel|x64 = MinSizeRel|x64
		RelWithDebInfo|x64 = RelWithDebInfo|x64
	EndGlobalSection
	GlobalSection(ProjectConfigurationPlatforms) = postSolution
		{F2F3FD93-37EE-3C2B-B835-54C9D8250568}.Debug|x64.ActiveCfg = Debug|x64
		{F2F3FD93-37EE-3C2B-B835-54C9D8250568}.Debug|x64.Build.0 = Debug|x64
		{F2F3FD93-37EE-3C2B-B835-54C9D8250568}.Release|x64.ActiveCfg = Release|x64
		{F2F3FD93-37EE-3C2B-B835-54C9D8250568}.Release|x64.Build.0 = Release|x64
		{F2F3FD93-37EE-3C2B-B835-54C9D8250568}.MinSizeRel|x64.ActiveCfg = MinSizeRel|x64
		{F2F3FD93-37EE-3C2B-B835-54C9D8250568}.MinSizeRel|x64.Build.0 = MinSizeRel|x64
		{F2F3FD93-37EE-3C2B-B835-54C9D8250568}.RelWithDebInfo|x64.ActiveCfg = RelWithDebInfo|x64
		{F2F3FD93-37EE-3C2B-B835-54C9D8250568}.RelWithDebInfo|x64.Build.0 = RelWithDebInfo|x64
		{5EBC0FD8-BBF5-3ACA-9250-3B8FD4986620}.Debug|x64.ActiveCfg = Debug|x64
		{5EBC0FD8-BBF5-3ACA-9250-3B8FD4986620}.Release|x64.ActiveCfg = Release|x64
		{5EBC0FD8-BBF5-3ACA-9250-3B8FD4986620}.MinSizeRel|x64.ActiveCfg = MinSizeRel|x64
		{5EBC0FD8-BBF5-3ACA-9250-3B8FD4986620}.RelWithDebInfo|x64.ActiveCfg = RelWithDebInfo|x64
		{9F2C6583-5C8D-309B-A763-BAD44423F199}.Debug|x64.ActiveCfg = Debug|x64
		{9F2C6583-5C8D-309B-A763-BAD44423F199}.Release|x64.ActiveCfg = Release|x64
		{9F2C6583-5C8D-309B-A763-BAD44423F199}.MinSizeRel|x64.ActiveCfg = MinSizeRel|x64
		{9F2C6583-5C8D-309B-A763-BAD44423F199}.RelWithDebInfo|x64.ActiveCfg = RelWithDebInfo|x64
		{899D6981-9324-362D-8682-DBD50C399279}.Debug|x64.ActiveCfg = Debug|x64
		{899D6981-9324-362D-8682-DBD50C399279}.Debug|x64.Build.0 = Debug|x64
		{899D6981-9324-362D-8682-DBD50C399279}.Release|x64.ActiveCfg = Release|x64
		{899D6981-9324-362D-8682-DBD50C399279}.Release|x64.Build.0 = Release|x64
		{899D6981-9324-362D-8682-DBD50C399279}.MinSizeRel|x64.ActiveCfg = MinSizeRel|x64
		{899D6981-9324-362D-8682-DBD50C399279}.MinSizeRel|x64.Build.0 = MinSizeRel|x64
		{899D6981-9324-362D-8682-DBD50C399279}.RelWithDebInfo|x64.ActiveCfg = RelWithDebInfo|x64
		{899D6981-9324-362D-8682-DBD50C399279}.RelWithDebInfo|x64.Build.0 = RelWithDebInfo|x64
		{301DEAE3-0701-389D-A605-755A8CC1BA6F}.Debug|x64.ActiveCfg = Debug|x64
		{301DEAE3-0701-389D-A605-755A8CC1BA6F}.Debug|x64.Build.0 = Debug|x64
		{301DEAE3-0701-389D-A605-755A8CC1BA6F}.Release|x64.ActiveCfg = Release|x64
		{301DEAE3-0701-389D-A605-755A8CC1BA6F}.Release|x64.Build.0 = Release|x64
		{301DEAE3-0701-389D-A605-755A8CC1BA6F}.MinSizeRel|x64.ActiveCfg = MinSizeRel|x64
		{301DEAE3-0701-389D-A605-755A8CC1BA6F}.MinSizeRel|x64.Build.0 = MinSizeRel|x64
		{301DEAE3-0701-389D-A605-755A8CC1BA6F}.RelWithDebInfo|x64.ActiveCfg = RelWithDebInfo|x64
		{301DEAE3-0701-389D-A605-755A8CC1BA6F}.RelWithDebInfo|x64.Build.0 = RelWithDebInfo|x64
		{BF3C8FE1-9C33-312D-80A8-87B16B6F251D}.Debug|x64.ActiveCfg = Debug|x64
		{BF3C8FE1-9C33-312D-80A8-87B16B6F251D}.Release|x64.ActiveCfg = Release|x64
		{BF3C8FE1-9C33-312D-80A8-87B16B6F251D}.MinSizeRel|x64.ActiveCfg = MinSizeRel|x64
		{BF3C8FE1-9C33-312D-80A8-87B16B6F251D}.RelWithDebInfo|x64.ActiveCfg = RelWithDebInfo|x64
	EndGlobalSection
	GlobalSection(NestedProjects) = preSolution
		{F2F3FD93-37EE-3C2B-B835-54C9D8250568} = {3ED5E6E0-4139-3DE9-9E18-CD9937A7EF66}
		{5EBC0FD8-BBF5-3ACA-9250-3B8FD4986620} = {3ED5E6E0-4139-3DE9-9E18-CD9937A7EF66}
		{9F2C6583-5C8D-309B-A763-BAD44423F199} = {3ED5E6E0-4139-3DE9-9E18-CD9937A7EF66}
		{899D6981-9324-362D-8682-DBD50C399279} = {3ED5E6E0-4139-3DE9-9E18-CD9937A7EF66}
		{301DEAE3-0701-389D-A605-755A8CC1BA6F} = {F25D1078-115B-354F-BD38-BE3ABCC3623C}
		{BF3C8FE1-9C33-312D-80A8-87B16B6F251D} = {F25D1078-115B-354F-BD38-BE3ABCC3623C}
	EndGlobalSection
	GlobalSection(ExtensibilityGlobals) = postSolution
		SolutionGuid = {A98D1490-F800-36B2-BB9F-40491B2B8343}
	EndGlobalSection
	GlobalSection(ExtensibilityAddIns) = postSolution
	EndGlobalSection
EndGlobal
